// !$*UTF8*$!
{
	archiveVersion = 1;
	classes = {
	};
	objectVersion = 50;
	objects = {

/* Begin PBXBuildFile section */
		9452B98C26DA5C2300135744 /* Modern_SwiftUI_MVVM_TestsApp.swift in Sources */ = {isa = PBXBuildFile; fileRef = 9452B98B26DA5C2300135744 /* Modern_SwiftUI_MVVM_TestsApp.swift */; };
		9452B99026DA5C2400135744 /* Assets.xcassets in Resources */ = {isa = PBXBuildFile; fileRef = 9452B98F26DA5C2400135744 /* Assets.xcassets */; };
		9452B99326DA5C2400135744 /* Preview Assets.xcassets in Resources */ = {isa = PBXBuildFile; fileRef = 9452B99226DA5C2400135744 /* Preview Assets.xcassets */; };
		9452B9A126DA608200135744 /* ProductListView.swift in Sources */ = {isa = PBXBuildFile; fileRef = 9452B9A026DA608200135744 /* ProductListView.swift */; };
		9452B9A326DA609700135744 /* ProductListViewModel.swift in Sources */ = {isa = PBXBuildFile; fileRef = 9452B9A226DA609700135744 /* ProductListViewModel.swift */; };
		9452B9A626DA612900135744 /* Product.swift in Sources */ = {isa = PBXBuildFile; fileRef = 9452B9A526DA612900135744 /* Product.swift */; };
		9452B9A826DA637700135744 /* CommonError.swift in Sources */ = {isa = PBXBuildFile; fileRef = 9452B9A726DA637700135744 /* CommonError.swift */; };
		9452B9AB26DA696400135744 /* ErrorView.swift in Sources */ = {isa = PBXBuildFile; fileRef = 9452B9AA26DA696400135744 /* ErrorView.swift */; };
		9452B9AD26DA6A6400135744 /* LoadingView.swift in Sources */ = {isa = PBXBuildFile; fileRef = 9452B9AC26DA6A6400135744 /* LoadingView.swift */; };
		9452B9AF26DA712800135744 /* ProductDetailView.swift in Sources */ = {isa = PBXBuildFile; fileRef = 9452B9AE26DA712800135744 /* ProductDetailView.swift */; };
		9452B9B126DA714000135744 /* ProductDetailViewModel.swift in Sources */ = {isa = PBXBuildFile; fileRef = 9452B9B026DA714000135744 /* ProductDetailViewModel.swift */; };
		9452B9B326DA762B00135744 /* Coordinator.swift in Sources */ = {isa = PBXBuildFile; fileRef = 9452B9B226DA762B00135744 /* Coordinator.swift */; };
		9452B9B526DA7B0900135744 /* DummyData.swift in Sources */ = {isa = PBXBuildFile; fileRef = 9452B9B426DA7B0800135744 /* DummyData.swift */; };
		9452B9B826DAC4B300135744 /* NetworkLayer.swift in Sources */ = {isa = PBXBuildFile; fileRef = 9452B9B726DAC4B300135744 /* NetworkLayer.swift */; };
		9452B9C026DAEF9500135744 /* Unit_Tests.swift in Sources */ = {isa = PBXBuildFile; fileRef = 9452B9BF26DAEF9500135744 /* Unit_Tests.swift */; };
		9452B9C726DAEFD000135744 /* ProductListViewModel.swift in Sources */ = {isa = PBXBuildFile; fileRef = 9452B9A226DA609700135744 /* ProductListViewModel.swift */; };
		9452B9C826DAEFD400135744 /* ProductDetailViewModel.swift in Sources */ = {isa = PBXBuildFile; fileRef = 9452B9B026DA714000135744 /* ProductDetailViewModel.swift */; };
		9452B9C926DAEFDF00135744 /* CommonError.swift in Sources */ = {isa = PBXBuildFile; fileRef = 9452B9A726DA637700135744 /* CommonError.swift */; };
		9452B9CA26DAEFE200135744 /* DummyData.swift in Sources */ = {isa = PBXBuildFile; fileRef = 9452B9B426DA7B0800135744 /* DummyData.swift */; };
		9452B9CC26DAEFE900135744 /* Product.swift in Sources */ = {isa = PBXBuildFile; fileRef = 9452B9A526DA612900135744 /* Product.swift */; };
		9452B9CE26DAF1A800135744 /* NetworkLayer.swift in Sources */ = {isa = PBXBuildFile; fileRef = 9452B9B726DAC4B300135744 /* NetworkLayer.swift */; };
/* End PBXBuildFile section */

/* Begin PBXContainerItemProxy section */
		9452B9C226DAEF9500135744 /* PBXContainerItemProxy */ = {
			isa = PBXContainerItemProxy;
			containerPortal = 9452B98026DA5C2300135744 /* Project object */;
			proxyType = 1;
			remoteGlobalIDString = 9452B98726DA5C2300135744;
			remoteInfo = "Modern-SwiftUI-MVVM-Tests";
		};
/* End PBXContainerItemProxy section */

/* Begin PBXFileReference section */
		9452B98826DA5C2300135744 /* Modern-SwiftUI-MVVM-Tests.app */ = {isa = PBXFileReference; explicitFileType = wrapper.application; includeInIndex = 0; path = "Modern-SwiftUI-MVVM-Tests.app"; sourceTree = BUILT_PRODUCTS_DIR; };
		9452B98B26DA5C2300135744 /* Modern_SwiftUI_MVVM_TestsApp.swift */ = {isa = PBXFileReference; lastKnownFileType = sourcecode.swift; path = Modern_SwiftUI_MVVM_TestsApp.swift; sourceTree = "<group>"; };
		9452B98F26DA5C2400135744 /* Assets.xcassets */ = {isa = PBXFileReference; lastKnownFileType = folder.assetcatalog; path = Assets.xcassets; sourceTree = "<group>"; };
		9452B99226DA5C2400135744 /* Preview Assets.xcassets */ = {isa = PBXFileReference; lastKnownFileType = folder.assetcatalog; path = "Preview Assets.xcassets"; sourceTree = "<group>"; };
		9452B99426DA5C2400135744 /* Info.plist */ = {isa = PBXFileReference; lastKnownFileType = text.plist.xml; path = Info.plist; sourceTree = "<group>"; };
		9452B9A026DA608200135744 /* ProductListView.swift */ = {isa = PBXFileReference; lastKnownFileType = sourcecode.swift; path = ProductListView.swift; sourceTree = "<group>"; };
		9452B9A226DA609700135744 /* ProductListViewModel.swift */ = {isa = PBXFileReference; lastKnownFileType = sourcecode.swift; path = ProductListViewModel.swift; sourceTree = "<group>"; };
		9452B9A526DA612900135744 /* Product.swift */ = {isa = PBXFileReference; lastKnownFileType = sourcecode.swift; path = Product.swift; sourceTree = "<group>"; };
		9452B9A726DA637700135744 /* CommonError.swift */ = {isa = PBXFileReference; lastKnownFileType = sourcecode.swift; path = CommonError.swift; sourceTree = "<group>"; };
		9452B9AA26DA696400135744 /* ErrorView.swift */ = {isa = PBXFileReference; lastKnownFileType = sourcecode.swift; path = ErrorView.swift; sourceTree = "<group>"; };
		9452B9AC26DA6A6400135744 /* LoadingView.swift */ = {isa = PBXFileReference; lastKnownFileType = sourcecode.swift; path = LoadingView.swift; sourceTree = "<group>"; };
		9452B9AE26DA712800135744 /* ProductDetailView.swift */ = {isa = PBXFileReference; lastKnownFileType = sourcecode.swift; path = ProductDetailView.swift; sourceTree = "<group>"; };
		9452B9B026DA714000135744 /* ProductDetailViewModel.swift */ = {isa = PBXFileReference; lastKnownFileType = sourcecode.swift; path = ProductDetailViewModel.swift; sourceTree = "<group>"; };
		9452B9B226DA762B00135744 /* Coordinator.swift */ = {isa = PBXFileReference; lastKnownFileType = sourcecode.swift; path = Coordinator.swift; sourceTree = "<group>"; };
		9452B9B426DA7B0800135744 /* DummyData.swift */ = {isa = PBXFileReference; lastKnownFileType = sourcecode.swift; path = DummyData.swift; sourceTree = "<group>"; };
		9452B9B726DAC4B300135744 /* NetworkLayer.swift */ = {isa = PBXFileReference; lastKnownFileType = sourcecode.swift; path = NetworkLayer.swift; sourceTree = "<group>"; };
		9452B9BD26DAEF9500135744 /* Unit Tests.xctest */ = {isa = PBXFileReference; explicitFileType = wrapper.cfbundle; includeInIndex = 0; path = "Unit Tests.xctest"; sourceTree = BUILT_PRODUCTS_DIR; };
		9452B9BF26DAEF9500135744 /* Unit_Tests.swift */ = {isa = PBXFileReference; lastKnownFileType = sourcecode.swift; path = Unit_Tests.swift; sourceTree = "<group>"; };
		9452B9C126DAEF9500135744 /* Info.plist */ = {isa = PBXFileReference; lastKnownFileType = text.plist.xml; path = Info.plist; sourceTree = "<group>"; };
/* End PBXFileReference section */

/* Begin PBXFrameworksBuildPhase section */
		9452B98526DA5C2300135744 /* Frameworks */ = {
			isa = PBXFrameworksBuildPhase;
			buildActionMask = 2147483647;
			files = (
			);
			runOnlyForDeploymentPostprocessing = 0;
		};
		9452B9BA26DAEF9500135744 /* Frameworks */ = {
			isa = PBXFrameworksBuildPhase;
			buildActionMask = 2147483647;
			files = (
			);
			runOnlyForDeploymentPostprocessing = 0;
		};
/* End PBXFrameworksBuildPhase section */

/* Begin PBXGroup section */
		9452B97F26DA5C2300135744 = {
			isa = PBXGroup;
			children = (
				9452B98A26DA5C2300135744 /* Modern-SwiftUI-MVVM-Tests */,
				9452B9BE26DAEF9500135744 /* Unit Tests */,
				9452B98926DA5C2300135744 /* Products */,
			);
			sourceTree = "<group>";
		};
		9452B98926DA5C2300135744 /* Products */ = {
			isa = PBXGroup;
			children = (
				9452B98826DA5C2300135744 /* Modern-SwiftUI-MVVM-Tests.app */,
				9452B9BD26DAEF9500135744 /* Unit Tests.xctest */,
			);
			name = Products;
			sourceTree = "<group>";
		};
		9452B98A26DA5C2300135744 /* Modern-SwiftUI-MVVM-Tests */ = {
			isa = PBXGroup;
			children = (
				9452B99426DA5C2400135744 /* Info.plist */,
				9452B99D26DA5E0700135744 /* App */,
				9452B9B626DA7B8100135744 /* Coordinator */,
				9452B99C26DA5DEA00135744 /* Resources */,
				9452B99B26DA5DDE00135744 /* UI */,
				9452B99A26DA5DD600135744 /* Network */,
				9452B9A426DA610300135744 /* Model */,
				9452B9A926DA694800135744 /* Views */,
				9452B99126DA5C2400135744 /* Preview Content */,
			);
			path = "Modern-SwiftUI-MVVM-Tests";
			sourceTree = "<group>";
		};
		9452B99126DA5C2400135744 /* Preview Content */ = {
			isa = PBXGroup;
			children = (
				9452B99226DA5C2400135744 /* Preview Assets.xcassets */,
			);
			path = "Preview Content";
			sourceTree = "<group>";
		};
		9452B99A26DA5DD600135744 /* Network */ = {
			isa = PBXGroup;
			children = (
				9452B9A726DA637700135744 /* CommonError.swift */,
				9452B9B426DA7B0800135744 /* DummyData.swift */,
				9452B9B726DAC4B300135744 /* NetworkLayer.swift */,
			);
			path = Network;
			sourceTree = "<group>";
		};
		9452B99B26DA5DDE00135744 /* UI */ = {
			isa = PBXGroup;
			children = (
				9452B99E26DA605800135744 /* Product List */,
				9452B99F26DA606000135744 /* Product detail */,
			);
			path = UI;
			sourceTree = "<group>";
		};
		9452B99C26DA5DEA00135744 /* Resources */ = {
			isa = PBXGroup;
			children = (
				9452B98F26DA5C2400135744 /* Assets.xcassets */,
			);
			path = Resources;
			sourceTree = "<group>";
		};
		9452B99D26DA5E0700135744 /* App */ = {
			isa = PBXGroup;
			children = (
				9452B98B26DA5C2300135744 /* Modern_SwiftUI_MVVM_TestsApp.swift */,
			);
			path = App;
			sourceTree = "<group>";
		};
		9452B99E26DA605800135744 /* Product List */ = {
			isa = PBXGroup;
			children = (
				9452B9A026DA608200135744 /* ProductListView.swift */,
				9452B9A226DA609700135744 /* ProductListViewModel.swift */,
			);
			path = "Product List";
			sourceTree = "<group>";
		};
		9452B99F26DA606000135744 /* Product detail */ = {
			isa = PBXGroup;
			children = (
				9452B9AE26DA712800135744 /* ProductDetailView.swift */,
				9452B9B026DA714000135744 /* ProductDetailViewModel.swift */,
			);
			path = "Product detail";
			sourceTree = "<group>";
		};
		9452B9A426DA610300135744 /* Model */ = {
			isa = PBXGroup;
			children = (
				9452B9A526DA612900135744 /* Product.swift */,
			);
			path = Model;
			sourceTree = "<group>";
		};
		9452B9A926DA694800135744 /* Views */ = {
			isa = PBXGroup;
			children = (
				9452B9AA26DA696400135744 /* ErrorView.swift */,
				9452B9AC26DA6A6400135744 /* LoadingView.swift */,
			);
			path = Views;
			sourceTree = "<group>";
		};
		9452B9B626DA7B8100135744 /* Coordinator */ = {
			isa = PBXGroup;
			children = (
				9452B9B226DA762B00135744 /* Coordinator.swift */,
			);
			path = Coordinator;
			sourceTree = "<group>";
		};
		9452B9BE26DAEF9500135744 /* Unit Tests */ = {
			isa = PBXGroup;
			children = (
				9452B9BF26DAEF9500135744 /* Unit_Tests.swift */,
				9452B9C126DAEF9500135744 /* Info.plist */,
			);
			path = "Unit Tests";
			sourceTree = "<group>";
		};
/* End PBXGroup section */

/* Begin PBXNativeTarget section */
		9452B98726DA5C2300135744 /* Modern-SwiftUI-MVVM-Tests */ = {
			isa = PBXNativeTarget;
			buildConfigurationList = 9452B99726DA5C2400135744 /* Build configuration list for PBXNativeTarget "Modern-SwiftUI-MVVM-Tests" */;
			buildPhases = (
				9452B98426DA5C2300135744 /* Sources */,
				9452B98526DA5C2300135744 /* Frameworks */,
				9452B98626DA5C2300135744 /* Resources */,
			);
			buildRules = (
			);
			dependencies = (
			);
			name = "Modern-SwiftUI-MVVM-Tests";
			productName = "Modern-SwiftUI-MVVM-Tests";
			productReference = 9452B98826DA5C2300135744 /* Modern-SwiftUI-MVVM-Tests.app */;
			productType = "com.apple.product-type.application";
		};
		9452B9BC26DAEF9500135744 /* Unit Tests */ = {
			isa = PBXNativeTarget;
			buildConfigurationList = 9452B9C426DAEF9500135744 /* Build configuration list for PBXNativeTarget "Unit Tests" */;
			buildPhases = (
				9452B9B926DAEF9500135744 /* Sources */,
				9452B9BA26DAEF9500135744 /* Frameworks */,
				9452B9BB26DAEF9500135744 /* Resources */,
			);
			buildRules = (
			);
			dependencies = (
				9452B9C326DAEF9500135744 /* PBXTargetDependency */,
			);
			name = "Unit Tests";
			productName = "Unit Tests";
			productReference = 9452B9BD26DAEF9500135744 /* Unit Tests.xctest */;
			productType = "com.apple.product-type.bundle.unit-test";
		};
/* End PBXNativeTarget section */

/* Begin PBXProject section */
		9452B98026DA5C2300135744 /* Project object */ = {
			isa = PBXProject;
			attributes = {
				LastSwiftUpdateCheck = 1250;
				LastUpgradeCheck = 1250;
				TargetAttributes = {
					9452B98726DA5C2300135744 = {
						CreatedOnToolsVersion = 12.5.1;
					};
					9452B9BC26DAEF9500135744 = {
						CreatedOnToolsVersion = 12.5.1;
						TestTargetID = 9452B98726DA5C2300135744;
					};
				};
			};
			buildConfigurationList = 9452B98326DA5C2300135744 /* Build configuration list for PBXProject "Modern-SwiftUI-MVVM-Tests" */;
			compatibilityVersion = "Xcode 9.3";
			developmentRegion = en;
			hasScannedForEncodings = 0;
			knownRegions = (
				en,
				Base,
			);
			mainGroup = 9452B97F26DA5C2300135744;
			productRefGroup = 9452B98926DA5C2300135744 /* Products */;
			projectDirPath = "";
			projectRoot = "";
			targets = (
				9452B98726DA5C2300135744 /* Modern-SwiftUI-MVVM-Tests */,
				9452B9BC26DAEF9500135744 /* Unit Tests */,
			);
		};
/* End PBXProject section */

/* Begin PBXResourcesBuildPhase section */
		9452B98626DA5C2300135744 /* Resources */ = {
			isa = PBXResourcesBuildPhase;
			buildActionMask = 2147483647;
			files = (
				9452B99326DA5C2400135744 /* Preview Assets.xcassets in Resources */,
				9452B99026DA5C2400135744 /* Assets.xcassets in Resources */,
			);
			runOnlyForDeploymentPostprocessing = 0;
		};
		9452B9BB26DAEF9500135744 /* Resources */ = {
			isa = PBXResourcesBuildPhase;
			buildActionMask = 2147483647;
			files = (
			);
			runOnlyForDeploymentPostprocessing = 0;
		};
/* End PBXResourcesBuildPhase section */

/* Begin PBXSourcesBuildPhase section */
		9452B98426DA5C2300135744 /* Sources */ = {
			isa = PBXSourcesBuildPhase;
			buildActionMask = 2147483647;
			files = (
				9452B9B826DAC4B300135744 /* NetworkLayer.swift in Sources */,
				9452B9B526DA7B0900135744 /* DummyData.swift in Sources */,
				9452B9A126DA608200135744 /* ProductListView.swift in Sources */,
				9452B9A826DA637700135744 /* CommonError.swift in Sources */,
				9452B9B126DA714000135744 /* ProductDetailViewModel.swift in Sources */,
				9452B9A626DA612900135744 /* Product.swift in Sources */,
				9452B9AB26DA696400135744 /* ErrorView.swift in Sources */,
				9452B9B326DA762B00135744 /* Coordinator.swift in Sources */,
				9452B9AD26DA6A6400135744 /* LoadingView.swift in Sources */,
				9452B9A326DA609700135744 /* ProductListViewModel.swift in Sources */,
				9452B98C26DA5C2300135744 /* Modern_SwiftUI_MVVM_TestsApp.swift in Sources */,
				9452B9AF26DA712800135744 /* ProductDetailView.swift in Sources */,
			);
			runOnlyForDeploymentPostprocessing = 0;
		};
		9452B9B926DAEF9500135744 /* Sources */ = {
			isa = PBXSourcesBuildPhase;
			buildActionMask = 2147483647;
			files = (
				9452B9CE26DAF1A800135744 /* NetworkLayer.swift in Sources */,
				9452B9C726DAEFD000135744 /* ProductListViewModel.swift in Sources */,
				9452B9C026DAEF9500135744 /* Unit_Tests.swift in Sources */,
				9452B9C826DAEFD400135744 /* ProductDetailViewModel.swift in Sources */,
				9452B9CA26DAEFE200135744 /* DummyData.swift in Sources */,
				9452B9C926DAEFDF00135744 /* CommonError.swift in Sources */,
				9452B9CC26DAEFE900135744 /* Product.swift in Sources */,
			);
			runOnlyForDeploymentPostprocessing = 0;
		};
/* End PBXSourcesBuildPhase section */

/* Begin PBXTargetDependency section */
		9452B9C326DAEF9500135744 /* PBXTargetDependency */ = {
			isa = PBXTargetDependency;
			target = 9452B98726DA5C2300135744 /* Modern-SwiftUI-MVVM-Tests */;
			targetProxy = 9452B9C226DAEF9500135744 /* PBXContainerItemProxy */;
		};
/* End PBXTargetDependency section */

/* Begin XCBuildConfiguration section */
		9452B99526DA5C2400135744 /* Debug */ = {
			isa = XCBuildConfiguration;
			buildSettings = {
				ALWAYS_SEARCH_USER_PATHS = NO;
				CLANG_ANALYZER_NONNULL = YES;
				CLANG_ANALYZER_NUMBER_OBJECT_CONVERSION = YES_AGGRESSIVE;
				CLANG_CXX_LANGUAGE_STANDARD = "gnu++14";
				CLANG_CXX_LIBRARY = "libc++";
				CLANG_ENABLE_MODULES = YES;
				CLANG_ENABLE_OBJC_ARC = YES;
				CLANG_ENABLE_OBJC_WEAK = YES;
				CLANG_WARN_BLOCK_CAPTURE_AUTORELEASING = YES;
				CLANG_WARN_BOOL_CONVERSION = YES;
				CLANG_WARN_COMMA = YES;
				CLANG_WARN_CONSTANT_CONVERSION = YES;
				CLANG_WARN_DEPRECATED_OBJC_IMPLEMENTATIONS = YES;
				CLANG_WARN_DIRECT_OBJC_ISA_USAGE = YES_ERROR;
				CLANG_WARN_DOCUMENTATION_COMMENTS = YES;
				CLANG_WARN_EMPTY_BODY = YES;
				CLANG_WARN_ENUM_CONVERSION = YES;
				CLANG_WARN_INFINITE_RECURSION = YES;
				CLANG_WARN_INT_CONVERSION = YES;
				CLANG_WARN_NON_LITERAL_NULL_CONVERSION = YES;
				CLANG_WARN_OBJC_IMPLICIT_RETAIN_SELF = YES;
				CLANG_WARN_OBJC_LITERAL_CONVERSION = YES;
				CLANG_WARN_OBJC_ROOT_CLASS = YES_ERROR;
				CLANG_WARN_QUOTED_INCLUDE_IN_FRAMEWORK_HEADER = YES;
				CLANG_WARN_RANGE_LOOP_ANALYSIS = YES;
				CLANG_WARN_STRICT_PROTOTYPES = YES;
				CLANG_WARN_SUSPICIOUS_MOVE = YES;
				CLANG_WARN_UNGUARDED_AVAILABILITY = YES_AGGRESSIVE;
				CLANG_WARN_UNREACHABLE_CODE = YES;
				CLANG_WARN__DUPLICATE_METHOD_MATCH = YES;
				COPY_PHASE_STRIP = NO;
				DEBUG_INFORMATION_FORMAT = dwarf;
				ENABLE_STRICT_OBJC_MSGSEND = YES;
				ENABLE_TESTABILITY = YES;
				GCC_C_LANGUAGE_STANDARD = gnu11;
				GCC_DYNAMIC_NO_PIC = NO;
				GCC_NO_COMMON_BLOCKS = YES;
				GCC_OPTIMIZATION_LEVEL = 0;
				GCC_PREPROCESSOR_DEFINITIONS = (
					"DEBUG=1",
					"$(inherited)",
				);
				GCC_WARN_64_TO_32_BIT_CONVERSION = YES;
				GCC_WARN_ABOUT_RETURN_TYPE = YES_ERROR;
				GCC_WARN_UNDECLARED_SELECTOR = YES;
				GCC_WARN_UNINITIALIZED_AUTOS = YES_AGGRESSIVE;
				GCC_WARN_UNUSED_FUNCTION = YES;
				GCC_WARN_UNUSED_VARIABLE = YES;
				IPHONEOS_DEPLOYMENT_TARGET = 14.5;
				MTL_ENABLE_DEBUG_INFO = INCLUDE_SOURCE;
				MTL_FAST_MATH = YES;
				ONLY_ACTIVE_ARCH = YES;
				SDKROOT = iphoneos;
				SWIFT_ACTIVE_COMPILATION_CONDITIONS = DEBUG;
				SWIFT_OPTIMIZATION_LEVEL = "-Onone";
			};
			name = Debug;
		};
		9452B99626DA5C2400135744 /* Release */ = {
			isa = XCBuildConfiguration;
			buildSettings = {
				ALWAYS_SEARCH_USER_PATHS = NO;
				CLANG_ANALYZER_NONNULL = YES;
				CLANG_ANALYZER_NUMBER_OBJECT_CONVERSION = YES_AGGRESSIVE;
				CLANG_CXX_LANGUAGE_STANDARD = "gnu++14";
				CLANG_CXX_LIBRARY = "libc++";
				CLANG_ENABLE_MODULES = YES;
				CLANG_ENABLE_OBJC_ARC = YES;
				CLANG_ENABLE_OBJC_WEAK = YES;
				CLANG_WARN_BLOCK_CAPTURE_AUTORELEASING = YES;
				CLANG_WARN_BOOL_CONVERSION = YES;
				CLANG_WARN_COMMA = YES;
				CLANG_WARN_CONSTANT_CONVERSION = YES;
				CLANG_WARN_DEPRECATED_OBJC_IMPLEMENTATIONS = YES;
				CLANG_WARN_DIRECT_OBJC_ISA_USAGE = YES_ERROR;
				CLANG_WARN_DOCUMENTATION_COMMENTS = YES;
				CLANG_WARN_EMPTY_BODY = YES;
				CLANG_WARN_ENUM_CONVERSION = YES;
				CLANG_WARN_INFINITE_RECURSION = YES;
				CLANG_WARN_INT_CONVERSION = YES;
				CLANG_WARN_NON_LITERAL_NULL_CONVERSION = YES;
				CLANG_WARN_OBJC_IMPLICIT_RETAIN_SELF = YES;
				CLANG_WARN_OBJC_LITERAL_CONVERSION = YES;
				CLANG_WARN_OBJC_ROOT_CLASS = YES_ERROR;
				CLANG_WARN_QUOTED_INCLUDE_IN_FRAMEWORK_HEADER = YES;
				CLANG_WARN_RANGE_LOOP_ANALYSIS = YES;
				CLANG_WARN_STRICT_PROTOTYPES = YES;
				CLANG_WARN_SUSPICIOUS_MOVE = YES;
				CLANG_WARN_UNGUARDED_AVAILABILITY = YES_AGGRESSIVE;
				CLANG_WARN_UNREACHABLE_CODE = YES;
				CLANG_WARN__DUPLICATE_METHOD_MATCH = YES;
				COPY_PHASE_STRIP = NO;
				DEBUG_INFORMATION_FORMAT = "dwarf-with-dsym";
				ENABLE_NS_ASSERTIONS = NO;
				ENABLE_STRICT_OBJC_MSGSEND = YES;
				GCC_C_LANGUAGE_STANDARD = gnu11;
				GCC_NO_COMMON_BLOCKS = YES;
				GCC_WARN_64_TO_32_BIT_CONVERSION = YES;
				GCC_WARN_ABOUT_RETURN_TYPE = YES_ERROR;
				GCC_WARN_UNDECLARED_SELECTOR = YES;
				GCC_WARN_UNINITIALIZED_AUTOS = YES_AGGRESSIVE;
				GCC_WARN_UNUSED_FUNCTION = YES;
				GCC_WARN_UNUSED_VARIABLE = YES;
				IPHONEOS_DEPLOYMENT_TARGET = 14.5;
				MTL_ENABLE_DEBUG_INFO = NO;
				MTL_FAST_MATH = YES;
				SDKROOT = iphoneos;
				SWIFT_COMPILATION_MODE = wholemodule;
				SWIFT_OPTIMIZATION_LEVEL = "-O";
				VALIDATE_PRODUCT = YES;
			};
			name = Release;
		};
		9452B99826DA5C2400135744 /* Debug */ = {
			isa = XCBuildConfiguration;
			buildSettings = {
				ASSETCATALOG_COMPILER_APPICON_NAME = AppIcon;
				ASSETCATALOG_COMPILER_GLOBAL_ACCENT_COLOR_NAME = AccentColor;
				CODE_SIGN_STYLE = Automatic;
				DEVELOPMENT_ASSET_PATHS = "\"Modern-SwiftUI-MVVM-Tests/Preview Content\"";
				DEVELOPMENT_TEAM = B27VM6T287;
				ENABLE_PREVIEWS = YES;
				INFOPLIST_FILE = "Modern-SwiftUI-MVVM-Tests/Info.plist";
				IPHONEOS_DEPLOYMENT_TARGET = 14.0;
				LD_RUNPATH_SEARCH_PATHS = (
					"$(inherited)",
					"@executable_path/Frameworks",
				);
				PRODUCT_BUNDLE_IDENTIFIER = "com.burhan.Modern-SwiftUI-MVVM-Tests";
				PRODUCT_NAME = "$(TARGET_NAME)";
				SWIFT_VERSION = 5.0;
				TARGETED_DEVICE_FAMILY = "1,2";
			};
			name = Debug;
		};
		9452B99926DA5C2400135744 /* Release */ = {
			isa = XCBuildConfiguration;
			buildSettings = {
				ASSETCATALOG_COMPILER_APPICON_NAME = AppIcon;
				ASSETCATALOG_COMPILER_GLOBAL_ACCENT_COLOR_NAME = AccentColor;
				CODE_SIGN_STYLE = Automatic;
				DEVELOPMENT_ASSET_PATHS = "\"Modern-SwiftUI-MVVM-Tests/Preview Content\"";
				DEVELOPMENT_TEAM = B27VM6T287;
				ENABLE_PREVIEWS = YES;
				INFOPLIST_FILE = "Modern-SwiftUI-MVVM-Tests/Info.plist";
				IPHONEOS_DEPLOYMENT_TARGET = 14.0;
				LD_RUNPATH_SEARCH_PATHS = (
					"$(inherited)",
					"@executable_path/Frameworks",
				);
				PRODUCT_BUNDLE_IDENTIFIER = "com.burhan.Modern-SwiftUI-MVVM-Tests";
				PRODUCT_NAME = "$(TARGET_NAME)";
				SWIFT_VERSION = 5.0;
				TARGETED_DEVICE_FAMILY = "1,2";
			};
			name = Release;
		};
		9452B9C526DAEF9500135744 /* Debug */ = {
			isa = XCBuildConfiguration;
			buildSettings = {
				BUNDLE_LOADER = "$(TEST_HOST)";
				CODE_SIGN_STYLE = Automatic;
				DEVELOPMENT_TEAM = B27VM6T287;
				INFOPLIST_FILE = "Unit Tests/Info.plist";
				LD_RUNPATH_SEARCH_PATHS = (
					"$(inherited)",
					"@executable_path/Frameworks",
					"@loader_path/Frameworks",
				);
				PRODUCT_BUNDLE_IDENTIFIER = "com.burhan.Unit-Tests";
				PRODUCT_NAME = "$(TARGET_NAME)";
				SWIFT_VERSION = 5.0;
				TARGETED_DEVICE_FAMILY = "1,2";
				TEST_HOST = "$(BUILT_PRODUCTS_DIR)/Modern-SwiftUI-MVVM-Tests.app/Modern-SwiftUI-MVVM-Tests";
			};
			name = Debug;
		};
		9452B9C626DAEF9500135744 /* Release */ = {
			isa = XCBuildConfiguration;
			buildSettings = {
				BUNDLE_LOADER = "$(TEST_HOST)";
				CODE_SIGN_STYLE = Automatic;
				DEVELOPMENT_TEAM = B27VM6T287;
				INFOPLIST_FILE = "Unit Tests/Info.plist";
				LD_RUNPATH_SEARCH_PATHS = (
					"$(inherited)",
					"@executable_path/Frameworks",
					"@loader_path/Frameworks",
				);
				PRODUCT_BUNDLE_IDENTIFIER = "com.burhan.Unit-Tests";
				PRODUCT_NAME = "$(TARGET_NAME)";
				SWIFT_VERSION = 5.0;
				TARGETED_DEVICE_FAMILY = "1,2";
				TEST_HOST = "$(BUILT_PRODUCTS_DIR)/Modern-SwiftUI-MVVM-Tests.app/Modern-SwiftUI-MVVM-Tests";
			};
			name = Release;
		};
/* End XCBuildConfiguration section */

/* Begin XCConfigurationList section */
		9452B98326DA5C2300135744 /* Build configuration list for PBXProject "Modern-SwiftUI-MVVM-Tests" */ = {
			isa = XCConfigurationList;
			buildConfigurations = (
				9452B99526DA5C2400135744 /* Debug */,
				9452B99626DA5C2400135744 /* Release */,
			);
			defaultConfigurationIsVisible = 0;
			defaultConfigurationName = Release;
		};
		9452B99726DA5C2400135744 /* Build configuration list for PBXNativeTarget "Modern-SwiftUI-MVVM-Tests" */ = {
			isa = XCConfigurationList;
			buildConfigurations = (
				9452B99826DA5C2400135744 /* Debug */,
				9452B99926DA5C2400135744 /* Release */,
			);
			defaultConfigurationIsVisible = 0;
			defaultConfigurationName = Release;
		};
		9452B9C426DAEF9500135744 /* Build configuration list for PBXNativeTarget "Unit Tests" */ = {
			isa = XCConfigurationList;
			buildConfigurations = (
				9452B9C526DAEF9500135744 /* Debug */,
				9452B9C626DAEF9500135744 /* Release */,
			);
			defaultConfigurationIsVisible = 0;
			defaultConfigurationName = Release;
		};
/* End XCConfigurationList section */
	};
	rootObject = 9452B98026DA5C2300135744 /* Project object */;
}
